
Microsoft Visual Studio Solution File, Format Version 12.00
# Visual Studio Version 17
VisualStudioVersion = 17.13.35919.96 d17.13
MinimumVisualStudioVersion = 10.0.40219.1
Project("{FAE04EC0-301F-11D3-BF4B-00C04F79EFBC}") = "WindowsFormsApp_02_variable", "WindowsFormsApp_02_variable\WindowsFormsApp_02_variable.csproj", "{9F8BE49D-0413-4D8A-AA8E-39699B654C78}"
EndProject
Global
	GlobalSection(SolutionConfigurationPlatforms) = preSolution
		Debug|Any CPU = Debug|Any CPU
		Release|Any CPU = Release|Any CPU
	EndGlobalSection
	GlobalSection(ProjectConfigurationPlatforms) = postSolution
		{9F8BE49D-0413-4D8A-AA8E-39699B654C78}.Debug|Any CPU.ActiveCfg = Debug|Any CPU
		{9F8BE49D-0413-4D8A-AA8E-39699B654C78}.Debug|Any CPU.Build.0 = Debug|Any CPU
		{9F8BE49D-0413-4D8A-AA8E-39699B654C78}.Release|Any CPU.ActiveCfg = Release|Any CPU
		{9F8BE49D-0413-4D8A-AA8E-39699B654C78}.Release|Any CPU.Build.0 = Release|Any CPU
	EndGlobalSection
	GlobalSection(SolutionProperties) = preSolution
		HideSolutionNode = FALSE
	EndGlobalSection
	GlobalSection(ExtensibilityGlobals) = postSolution
		SolutionGuid = {DBA4312C-6953-43B2-B949-FA279FCCCBA7}
	EndGlobalSection
EndGlobal
